
Microsoft Visual Studio Solution File, Format Version 12.00
# Visual Studio 2013
VisualStudioVersion = 12.0.31101.0
MinimumVisualStudioVersion = 10.0.40219.1
Project("{FAE04EC0-301F-11D3-BF4B-00C04F79EFBC}") = "GettyImages.Api", "GettyImages.Api\GettyImages.Api.csproj", "{CBCD516C-2170-4855-AA0B-B8F3C3A9B919}"
EndProject
Project("{FAE04EC0-301F-11D3-BF4B-00C04F79EFBC}") = "GettyImages.Api.OnlineTests", "GettyImages.Api.OnlineTests\GettyImages.Api.OnlineTests.csproj", "{CF358A39-BB0C-43E9-B93F-7D607E15FCD2}"
EndProject
Global
	GlobalSection(SolutionConfigurationPlatforms) = preSolution
		Debug|Any CPU = Debug|Any CPU
		Release|Any CPU = Release|Any CPU
	EndGlobalSection
	GlobalSection(ProjectConfigurationPlatforms) = postSolution
		{CBCD516C-2170-4855-AA0B-B8F3C3A9B919}.Debug|Any CPU.ActiveCfg = Debug|Any CPU
		{CBCD516C-2170-4855-AA0B-B8F3C3A9B919}.Debug|Any CPU.Build.0 = Debug|Any CPU
		{CBCD516C-2170-4855-AA0B-B8F3C3A9B919}.Release|Any CPU.ActiveCfg = Release|Any CPU
		{CBCD516C-2170-4855-AA0B-B8F3C3A9B919}.Release|Any CPU.Build.0 = Release|Any CPU
		{CF358A39-BB0C-43E9-B93F-7D607E15FCD2}.Debug|Any CPU.ActiveCfg = Debug|Any CPU
		{CF358A39-BB0C-43E9-B93F-7D607E15FCD2}.Debug|Any CPU.Build.0 = Debug|Any CPU
		{CF358A39-BB0C-43E9-B93F-7D607E15FCD2}.Release|Any CPU.ActiveCfg = Release|Any CPU
		{CF358A39-BB0C-43E9-B93F-7D607E15FCD2}.Release|Any CPU.Build.0 = Release|Any CPU
	EndGlobalSection
	GlobalSection(SolutionProperties) = preSolution
		HideSolutionNode = FALSE
	EndGlobalSection
EndGlobal
